
Microsoft Visual Studio Solution File, Format Version 12.00
# Visual Studio Version 18
VisualStudioVersion = 18.0.11217.181 d18.0
MinimumVisualStudioVersion = 10.0.40219.1
Project("{FAE04EC0-301F-11D3-BF4B-00C04F79EFBC}") = "AdvancedCSharp", "AdvancedCSharp\AdvancedCSharp.csproj", "{8B5ECD36-A704-4594-BE53-239237884CCB}"
EndProject
Project("{FAE04EC0-301F-11D3-BF4B-00C04F79EFBC}") = "DSA", "DSA\DSA.csproj", "{0BF4ADE0-039E-491A-B489-2666FEA12A7E}"
EndProject
Project("{FAE04EC0-301F-11D3-BF4B-00C04F79EFBC}") = "Utilities", "Utilities\Utilities.csproj", "{5E47BE9E-D712-4421-963C-226CFF974908}"
EndProject
Project("{FAE04EC0-301F-11D3-BF4B-00C04F79EFBC}") = "LeetCode", "LeetCode\LeetCode.csproj", "{69B7532F-CE47-4AE8-ADC0-5E74A35DDE98}"
EndProject
Project("{FAE04EC0-301F-11D3-BF4B-00C04F79EFBC}") = "Tests", "Tests\Tests.csproj", "{F3579A29-83E4-411D-8722-3A8B22A142F1}"
EndProject
Global
	GlobalSection(SolutionConfigurationPlatforms) = preSolution
		Debug|Any CPU = Debug|Any CPU
		Release|Any CPU = Release|Any CPU
	EndGlobalSection
	GlobalSection(ProjectConfigurationPlatforms) = postSolution
		{8B5ECD36-A704-4594-BE53-239237884CCB}.Debug|Any CPU.ActiveCfg = Debug|Any CPU
		{8B5ECD36-A704-4594-BE53-239237884CCB}.Debug|Any CPU.Build.0 = Debug|Any CPU
		{8B5ECD36-A704-4594-BE53-239237884CCB}.Release|Any CPU.ActiveCfg = Release|Any CPU
		{8B5ECD36-A704-4594-BE53-239237884CCB}.Release|Any CPU.Build.0 = Release|Any CPU
		{0BF4ADE0-039E-491A-B489-2666FEA12A7E}.Debug|Any CPU.ActiveCfg = Debug|Any CPU
		{0BF4ADE0-039E-491A-B489-2666FEA12A7E}.Debug|Any CPU.Build.0 = Debug|Any CPU
		{0BF4ADE0-039E-491A-B489-2666FEA12A7E}.Release|Any CPU.ActiveCfg = Release|Any CPU
		{0BF4ADE0-039E-491A-B489-2666FEA12A7E}.Release|Any CPU.Build.0 = Release|Any CPU
		{5E47BE9E-D712-4421-963C-226CFF974908}.Debug|Any CPU.ActiveCfg = Debug|Any CPU
		{5E47BE9E-D712-4421-963C-226CFF974908}.Debug|Any CPU.Build.0 = Debug|Any CPU
		{5E47BE9E-D712-4421-963C-226CFF974908}.Release|Any CPU.ActiveCfg = Release|Any CPU
		{5E47BE9E-D712-4421-963C-226CFF974908}.Release|Any CPU.Build.0 = Release|Any CPU
		{69B7532F-CE47-4AE8-ADC0-5E74A35DDE98}.Debug|Any CPU.ActiveCfg = Debug|Any CPU
		{69B7532F-CE47-4AE8-ADC0-5E74A35DDE98}.Debug|Any CPU.Build.0 = Debug|Any CPU
		{69B7532F-CE47-4AE8-ADC0-5E74A35DDE98}.Release|Any CPU.ActiveCfg = Release|Any CPU
		{69B7532F-CE47-4AE8-ADC0-5E74A35DDE98}.Release|Any CPU.Build.0 = Release|Any CPU
		{F3579A29-83E4-411D-8722-3A8B22A142F1}.Debug|Any CPU.ActiveCfg = Debug|Any CPU
		{F3579A29-83E4-411D-8722-3A8B22A142F1}.Debug|Any CPU.Build.0 = Debug|Any CPU
		{F3579A29-83E4-411D-8722-3A8B22A142F1}.Release|Any CPU.ActiveCfg = Release|Any CPU
		{F3579A29-83E4-411D-8722-3A8B22A142F1}.Release|Any CPU.Build.0 = Release|Any CPU
	EndGlobalSection
	GlobalSection(SolutionProperties) = preSolution
		HideSolutionNode = FALSE
	EndGlobalSection
	GlobalSection(ExtensibilityGlobals) = postSolution
		SolutionGuid = {4C9E93BE-C15B-4B1C-AA3A-9CE8EA8B489A}
	EndGlobalSection
EndGlobal
